
Microsoft Visual Studio Solution File, Format Version 12.00
# Visual Studio Version 17
VisualStudioVersion = 17.14.36603.0
MinimumVisualStudioVersion = 10.0.40219.1
Project("{FAE04EC0-301F-11D3-BF4B-00C04F79EFBC}") = "TacSqlService", "TacSqlService\TacSqlService.csproj", "{CCFE70C3-9884-4055-8BEA-DE6CBF011555}"
EndProject
Project("{FAE04EC0-301F-11D3-BF4B-00C04F79EFBC}") = "TacSqlServiceInstall", "TacSqlServiceInstall\TacSqlServiceInstall.csproj", "{8ECED8CF-46EB-4EAF-9014-7A702100E94C}"
EndProject
Project("{FAE04EC0-301F-11D3-BF4B-00C04F79EFBC}") = "TacSqlData", "TacSqlData\TacSqlData.csproj", "{724B2327-4901-4BBD-BF9F-5AC1D41150B1}"
EndProject
Global
	GlobalSection(SolutionConfigurationPlatforms) = preSolution
		Debug|Any CPU = Debug|Any CPU
		Release|Any CPU = Release|Any CPU
	EndGlobalSection
	GlobalSection(ProjectConfigurationPlatforms) = postSolution
		{CCFE70C3-9884-4055-8BEA-DE6CBF011555}.Debug|Any CPU.ActiveCfg = Debug|Any CPU
		{CCFE70C3-9884-4055-8BEA-DE6CBF011555}.Debug|Any CPU.Build.0 = Debug|Any CPU
		{CCFE70C3-9884-4055-8BEA-DE6CBF011555}.Release|Any CPU.ActiveCfg = Release|Any CPU
		{CCFE70C3-9884-4055-8BEA-DE6CBF011555}.Release|Any CPU.Build.0 = Release|Any CPU
		{8ECED8CF-46EB-4EAF-9014-7A702100E94C}.Debug|Any CPU.ActiveCfg = Debug|Any CPU
		{8ECED8CF-46EB-4EAF-9014-7A702100E94C}.Debug|Any CPU.Build.0 = Debug|Any CPU
		{8ECED8CF-46EB-4EAF-9014-7A702100E94C}.Release|Any CPU.ActiveCfg = Release|Any CPU
		{8ECED8CF-46EB-4EAF-9014-7A702100E94C}.Release|Any CPU.Build.0 = Release|Any CPU
		{724B2327-4901-4BBD-BF9F-5AC1D41150B1}.Debug|Any CPU.ActiveCfg = Debug|Any CPU
		{724B2327-4901-4BBD-BF9F-5AC1D41150B1}.Debug|Any CPU.Build.0 = Debug|Any CPU
		{724B2327-4901-4BBD-BF9F-5AC1D41150B1}.Release|Any CPU.ActiveCfg = Release|Any CPU
		{724B2327-4901-4BBD-BF9F-5AC1D41150B1}.Release|Any CPU.Build.0 = Release|Any CPU
	EndGlobalSection
	GlobalSection(SolutionProperties) = preSolution
		HideSolutionNode = FALSE
	EndGlobalSection
	GlobalSection(ExtensibilityGlobals) = postSolution
		SolutionGuid = {6E6625A8-77A3-4B36-990C-E8735C91AF94}
	EndGlobalSection
EndGlobal
