
Microsoft Visual Studio Solution File, Format Version 12.00
# Visual Studio Version 17
VisualStudioVersion = 17.14.36603.0
MinimumVisualStudioVersion = 10.0.40219.1
Project("{FAE04EC0-301F-11D3-BF4B-00C04F79EFBC}") = "UnityEF", "UnityEF.csproj", "{FE823E0B-A156-4885-BA6F-1DFC1D84F0D3}"
EndProject
Project("{FAE04EC0-301F-11D3-BF4B-00C04F79EFBC}") = "DnaCore", "..\DnaCore\DnaCore.csproj", "{E6B70B55-C5E9-EA26-ABFE-B4E60473BE7F}"
EndProject
Global
	GlobalSection(SolutionConfigurationPlatforms) = preSolution
		Debug|Any CPU = Debug|Any CPU
		Release|Any CPU = Release|Any CPU
	EndGlobalSection
	GlobalSection(ProjectConfigurationPlatforms) = postSolution
		{FE823E0B-A156-4885-BA6F-1DFC1D84F0D3}.Debug|Any CPU.ActiveCfg = Debug|Any CPU
		{FE823E0B-A156-4885-BA6F-1DFC1D84F0D3}.Debug|Any CPU.Build.0 = Debug|Any CPU
		{FE823E0B-A156-4885-BA6F-1DFC1D84F0D3}.Release|Any CPU.ActiveCfg = Release|Any CPU
		{FE823E0B-A156-4885-BA6F-1DFC1D84F0D3}.Release|Any CPU.Build.0 = Release|Any CPU
		{E6B70B55-C5E9-EA26-ABFE-B4E60473BE7F}.Debug|Any CPU.ActiveCfg = Debug|Any CPU
		{E6B70B55-C5E9-EA26-ABFE-B4E60473BE7F}.Debug|Any CPU.Build.0 = Debug|Any CPU
		{E6B70B55-C5E9-EA26-ABFE-B4E60473BE7F}.Release|Any CPU.ActiveCfg = Release|Any CPU
		{E6B70B55-C5E9-EA26-ABFE-B4E60473BE7F}.Release|Any CPU.Build.0 = Release|Any CPU
	EndGlobalSection
	GlobalSection(SolutionProperties) = preSolution
		HideSolutionNode = FALSE
	EndGlobalSection
	GlobalSection(ExtensibilityGlobals) = postSolution
		SolutionGuid = {DCA1C3AC-57E1-4479-849E-66D8D9DEE3A3}
	EndGlobalSection
EndGlobal
